
Microsoft Visual Studio Solution File, Format Version 12.00
# Visual Studio Version 16
VisualStudioVersion = 16.0.28729.10
MinimumVisualStudioVersion = 10.0.40219.1
Project("{FAE04EC0-301F-11D3-BF4B-00C04F79EFBC}") = "Passcode", "Passcode\Passcode.csproj", "{2E243869-00C5-47F7-A0B1-36085CB19F17}"
EndProject
Global
	GlobalSection(SolutionConfigurationPlatforms) = preSolution
		Debug|Any CPU = Debug|Any CPU
		Release|Any CPU = Release|Any CPU
	EndGlobalSection
	GlobalSection(ProjectConfigurationPlatforms) = postSolution
		{2E243869-00C5-47F7-A0B1-36085CB19F17}.Debug|Any CPU.ActiveCfg = Debug|Any CPU
		{2E243869-00C5-47F7-A0B1-36085CB19F17}.Debug|Any CPU.Build.0 = Debug|Any CPU
		{2E243869-00C5-47F7-A0B1-36085CB19F17}.Release|Any CPU.ActiveCfg = Release|Any CPU
		{2E243869-00C5-47F7-A0B1-36085CB19F17}.Release|Any CPU.Build.0 = Release|Any CPU
	EndGlobalSection
	GlobalSection(SolutionProperties) = preSolution
		HideSolutionNode = FALSE
	EndGlobalSection
	GlobalSection(ExtensibilityGlobals) = postSolution
		SolutionGuid = {67F45CE5-C507-4B0A-AF90-D4F211F9A390}
	EndGlobalSection
EndGlobal
